
Microsoft Visual Studio Solution File, Format Version 12.00
# Visual Studio Version 17
VisualStudioVersion = 17.0.31912.275
MinimumVisualStudioVersion = 10.0.40219.1
Project("{9A19103F-16F7-4668-BE54-9A1E7A4F7556}") = "LearningAPI", "LearningAPI\LearningAPI.csproj", "{5F0E8E5F-2EAE-404C-AE5E-F67C6F6330E4}"
EndProject
Project("{FAE04EC0-301F-11D3-BF4B-00C04F79EFBC}") = "LearningAPITestMain", "LearningAPITestMain\LearningAPITestMain.csproj", "{F075E753-59B5-4B51-8C37-B5B3FCAA09B6}"
EndProject
Global
	GlobalSection(SolutionConfigurationPlatforms) = preSolution
		Debug|Any CPU = Debug|Any CPU
		Release|Any CPU = Release|Any CPU
	EndGlobalSection
	GlobalSection(ProjectConfigurationPlatforms) = postSolution
		{5F0E8E5F-2EAE-404C-AE5E-F67C6F6330E4}.Debug|Any CPU.ActiveCfg = Debug|Any CPU
		{5F0E8E5F-2EAE-404C-AE5E-F67C6F6330E4}.Debug|Any CPU.Build.0 = Debug|Any CPU
		{5F0E8E5F-2EAE-404C-AE5E-F67C6F6330E4}.Release|Any CPU.ActiveCfg = Release|Any CPU
		{5F0E8E5F-2EAE-404C-AE5E-F67C6F6330E4}.Release|Any CPU.Build.0 = Release|Any CPU
		{F075E753-59B5-4B51-8C37-B5B3FCAA09B6}.Debug|Any CPU.ActiveCfg = Debug|Any CPU
		{F075E753-59B5-4B51-8C37-B5B3FCAA09B6}.Debug|Any CPU.Build.0 = Debug|Any CPU
		{F075E753-59B5-4B51-8C37-B5B3FCAA09B6}.Release|Any CPU.ActiveCfg = Release|Any CPU
		{F075E753-59B5-4B51-8C37-B5B3FCAA09B6}.Release|Any CPU.Build.0 = Release|Any CPU
	EndGlobalSection
	GlobalSection(SolutionProperties) = preSolution
		HideSolutionNode = FALSE
	EndGlobalSection
	GlobalSection(ExtensibilityGlobals) = postSolution
		SolutionGuid = {82BCD0E9-FD96-4F7F-BC3D-C9149C053043}
	EndGlobalSection
EndGlobal
